
Microsoft Visual Studio Solution File, Format Version 12.00
# Visual Studio Version 16
VisualStudioVersion = 16.0.29411.108
MinimumVisualStudioVersion = 10.0.40219.1
Project("{9A19103F-16F7-4668-BE54-9A1E7A4F7556}") = "SmartMeter.UI", "SmartMeter.UI\SmartMeter.UI.csproj", "{8726904A-30DC-4048-8ADB-D70BB894B4EA}"
EndProject
Project("{9A19103F-16F7-4668-BE54-9A1E7A4F7556}") = "SmartMeter.Core", "SmartMeter.Core\SmartMeter.Core.csproj", "{4728342E-B5A0-491D-96C9-5797C3EC675B}"
EndProject
Project("{9A19103F-16F7-4668-BE54-9A1E7A4F7556}") = "Utils", "Utils\Utils.csproj", "{20B1E8E5-655B-4794-AA28-111C39C8F7EC}"
EndProject
Global
	GlobalSection(SolutionConfigurationPlatforms) = preSolution
		Debug|Any CPU = Debug|Any CPU
		Release|Any CPU = Release|Any CPU
	EndGlobalSection
	GlobalSection(ProjectConfigurationPlatforms) = postSolution
		{8726904A-30DC-4048-8ADB-D70BB894B4EA}.Debug|Any CPU.ActiveCfg = Debug|Any CPU
		{8726904A-30DC-4048-8ADB-D70BB894B4EA}.Debug|Any CPU.Build.0 = Debug|Any CPU
		{8726904A-30DC-4048-8ADB-D70BB894B4EA}.Release|Any CPU.ActiveCfg = Release|Any CPU
		{8726904A-30DC-4048-8ADB-D70BB894B4EA}.Release|Any CPU.Build.0 = Release|Any CPU
		{4728342E-B5A0-491D-96C9-5797C3EC675B}.Debug|Any CPU.ActiveCfg = Debug|Any CPU
		{4728342E-B5A0-491D-96C9-5797C3EC675B}.Debug|Any CPU.Build.0 = Debug|Any CPU
		{4728342E-B5A0-491D-96C9-5797C3EC675B}.Release|Any CPU.ActiveCfg = Release|Any CPU
		{4728342E-B5A0-491D-96C9-5797C3EC675B}.Release|Any CPU.Build.0 = Release|Any CPU
		{20B1E8E5-655B-4794-AA28-111C39C8F7EC}.Debug|Any CPU.ActiveCfg = Debug|Any CPU
		{20B1E8E5-655B-4794-AA28-111C39C8F7EC}.Debug|Any CPU.Build.0 = Debug|Any CPU
		{20B1E8E5-655B-4794-AA28-111C39C8F7EC}.Release|Any CPU.ActiveCfg = Release|Any CPU
		{20B1E8E5-655B-4794-AA28-111C39C8F7EC}.Release|Any CPU.Build.0 = Release|Any CPU
	EndGlobalSection
	GlobalSection(SolutionProperties) = preSolution
		HideSolutionNode = FALSE
	EndGlobalSection
	GlobalSection(ExtensibilityGlobals) = postSolution
		SolutionGuid = {D1EF7E7A-B089-4CD4-95CE-D12BAF6F123E}
	EndGlobalSection
EndGlobal
